
Microsoft Visual Studio Solution File, Format Version 12.00
# Visual Studio Version 16
VisualStudioVersion = 16.0.810.9
MinimumVisualStudioVersion = 10.0.40219.1
Project("{FAE04EC0-301F-11D3-BF4B-00C04F79EFBC}") = "NewCore.Dtos", "NewCore.Dtos.csproj", "{23A66A68-6CA5-4FAF-AFA4-BFE541562E8F}"
EndProject
Global
	GlobalSection(SolutionConfigurationPlatforms) = preSolution
		Debug|Any CPU = Debug|Any CPU
		Release|Any CPU = Release|Any CPU
	EndGlobalSection
	GlobalSection(ProjectConfigurationPlatforms) = postSolution
		{23A66A68-6CA5-4FAF-AFA4-BFE541562E8F}.Debug|Any CPU.ActiveCfg = Debug|Any CPU
		{23A66A68-6CA5-4FAF-AFA4-BFE541562E8F}.Debug|Any CPU.Build.0 = Debug|Any CPU
		{23A66A68-6CA5-4FAF-AFA4-BFE541562E8F}.Release|Any CPU.ActiveCfg = Release|Any CPU
		{23A66A68-6CA5-4FAF-AFA4-BFE541562E8F}.Release|Any CPU.Build.0 = Release|Any CPU
	EndGlobalSection
	GlobalSection(SolutionProperties) = preSolution
		HideSolutionNode = FALSE
	EndGlobalSection
	GlobalSection(ExtensibilityGlobals) = postSolution
		SolutionGuid = {F2C9F529-6C56-4AB6-B5F2-7082795F0C76}
	EndGlobalSection
EndGlobal
